{
  "name": "serverless_discord_lfg_bot",
  "version": "1.0.0",
  "lockfileVersion": 1,
  "requires": true,
  "dependencies": {
    "lodash": {
      "version": "4.17.20",
      "resolved": "https://registry.npmjs.org/lodash/-/lodash-4.17.20.tgz",
      "integrity": "sha512-PlhdFcillOINfeV7Ni6oF1TAEayyZBoZ8bcshTHqOYJYlrqzRK5hagpagky5o4HfCzzd1TRkXPMFq6cKk9rGmA=="
    },
    "serverless-iam-roles-per-function": {
      "version": "3.0.1",
      "resolved": "https://registry.npmjs.org/serverless-iam-roles-per-function/-/serverless-iam-roles-per-function-3.0.1.tgz",
      "integrity": "sha512-XHsmzjYdflL6Pv1HY0Olpn00LpFqCaEGeNSv+wBx/2+p/yEDzSCuFAqmPY43OyyXZlqeyQfFNZJc/2OAfTwvYA==",
      "requires": {
        "lodash": "^4.17.20"
      }
    }
  }
}
